
Microsoft Visual Studio Solution File, Format Version 12.00
# Visual Studio Version 17
VisualStudioVersion = 17.8.34525.116
MinimumVisualStudioVersion = 10.0.40219.1
Project("{FAE04EC0-301F-11D3-BF4B-00C04F79EFBC}") = "Cosmos.Diagnoses.Api.Web", "Cosmos.Diagnoses.Api.Web\Cosmos.Diagnoses.Api.Web.csproj", "{8366DEF0-F307-40A0-BD30-FB7B71309A73}"
EndProject
Global
	GlobalSection(SolutionConfigurationPlatforms) = preSolution
		Debug|Any CPU = Debug|Any CPU
		Release|Any CPU = Release|Any CPU
	EndGlobalSection
	GlobalSection(ProjectConfigurationPlatforms) = postSolution
		{8366DEF0-F307-40A0-BD30-FB7B71309A73}.Debug|Any CPU.ActiveCfg = Debug|Any CPU
		{8366DEF0-F307-40A0-BD30-FB7B71309A73}.Debug|Any CPU.Build.0 = Debug|Any CPU
		{8366DEF0-F307-40A0-BD30-FB7B71309A73}.Release|Any CPU.ActiveCfg = Release|Any CPU
		{8366DEF0-F307-40A0-BD30-FB7B71309A73}.Release|Any CPU.Build.0 = Release|Any CPU
	EndGlobalSection
	GlobalSection(SolutionProperties) = preSolution
		HideSolutionNode = FALSE
	EndGlobalSection
	GlobalSection(ExtensibilityGlobals) = postSolution
		SolutionGuid = {BA114A5D-E5B2-4A26-B903-ED9CB78A3EA4}
	EndGlobalSection
EndGlobal
